// !$*UTF8*$!
{
	archiveVersion = 1;
	classes = {
	};
	objectVersion = 46;
	objects = {

/* Begin PBXBuildFile section */
		E43C61ED19EF02D70064B910 /* main.m in Sources */ = {isa = PBXBuildFile; fileRef = E43C61EC19EF02D70064B910 /* main.m */; };
		E43C61F019EF02D70064B910 /* AppDelegate.m in Sources */ = {isa = PBXBuildFile; fileRef = E43C61EF19EF02D70064B910 /* AppDelegate.m */; };
		E43C61F319EF02D70064B910 /* ViewController.m in Sources */ = {isa = PBXBuildFile; fileRef = E43C61F219EF02D70064B910 /* ViewController.m */; };
		E43C61F619EF02D70064B910 /* Main.storyboard in Resources */ = {isa = PBXBuildFile; fileRef = E43C61F419EF02D70064B910 /* Main.storyboard */; };
		E43C61F819EF02D70064B910 /* Images.xcassets in Resources */ = {isa = PBXBuildFile; fileRef = E43C61F719EF02D70064B910 /* Images.xcassets */; };
		E43C61FB19EF02D70064B910 /* LaunchScreen.xib in Resources */ = {isa = PBXBuildFile; fileRef = E43C61F919EF02D70064B910 /* LaunchScreen.xib */; };
		E43C620719EF02D70064B910 /* ZaHunterTests.m in Sources */ = {isa = PBXBuildFile; fileRef = E43C620619EF02D70064B910 /* ZaHunterTests.m */; };
/* End PBXBuildFile section */

/* Begin PBXContainerItemProxy section */
		E43C620119EF02D70064B910 /* PBXContainerItemProxy */ = {
			isa = PBXContainerItemProxy;
			containerPortal = E43C61DF19EF02D70064B910 /* Project object */;
			proxyType = 1;
			remoteGlobalIDString = E43C61E619EF02D70064B910;
			remoteInfo = ZaHunter;
		};
/* End PBXContainerItemProxy section */

/* Begin PBXFileReference section */
		E43C61E719EF02D70064B910 /* ZaHunter.app */ = {isa = PBXFileReference; explicitFileType = wrapper.application; includeInIndex = 0; path = ZaHunter.app; sourceTree = BUILT_PRODUCTS_DIR; };
		E43C61EB19EF02D70064B910 /* Info.plist */ = {isa = PBXFileReference; lastKnownFileType = text.plist.xml; path = Info.plist; sourceTree = "<group>"; };
		E43C61EC19EF02D70064B910 /* main.m */ = {isa = PBXFileReference; lastKnownFileType = sourcecode.c.objc; path = main.m; sourceTree = "<group>"; };
		E43C61EE19EF02D70064B910 /* AppDelegate.h */ = {isa = PBXFileReference; lastKnownFileType = sourcecode.c.h; path = AppDelegate.h; sourceTree = "<group>"; };
		E43C61EF19EF02D70064B910 /* AppDelegate.m */ = {isa = PBXFileReference; lastKnownFileType = sourcecode.c.objc; path = AppDelegate.m; sourceTree = "<group>"; };
		E43C61F119EF02D70064B910 /* ViewController.h */ = {isa = PBXFileReference; lastKnownFileType = sourcecode.c.h; path = ViewController.h; sourceTree = "<group>"; };
		E43C61F219EF02D70064B910 /* ViewController.m */ = {isa = PBXFileReference; lastKnownFileType = sourcecode.c.objc; path = ViewController.m; sourceTree = "<group>"; };
		E43C61F519EF02D70064B910 /* Base */ = {isa = PBXFileReference; lastKnownFileType = file.storyboard; name = Base; path = Base.lproj/Main.storyboard; sourceTree = "<group>"; };
		E43C61F719EF02D70064B910 /* Images.xcassets */ = {isa = PBXFileReference; lastKnownFileType = folder.assetcatalog; path = Images.xcassets; sourceTree = "<group>"; };
		E43C61FA19EF02D70064B910 /* Base */ = {isa = PBXFileReference; lastKnownFileType = file.xib; name = Base; path = Base.lproj/LaunchScreen.xib; sourceTree = "<group>"; };
		E43C620019EF02D70064B910 /* ZaHunterTests.xctest */ = {isa = PBXFileReference; explicitFileType = wrapper.cfbundle; includeInIndex = 0; path = ZaHunterTests.xctest; sourceTree = BUILT_PRODUCTS_DIR; };
		E43C620519EF02D70064B910 /* Info.plist */ = {isa = PBXFileReference; lastKnownFileType = text.plist.xml; path = Info.plist; sourceTree = "<group>"; };
		E43C620619EF02D70064B910 /* ZaHunterTests.m */ = {isa = PBXFileReference; lastKnownFileType = sourcecode.c.objc; path = ZaHunterTests.m; sourceTree = "<group>"; };
/* End PBXFileReference section */

/* Begin PBXFrameworksBuildPhase section */
		E43C61E419EF02D70064B910 /* Frameworks */ = {
			isa = PBXFrameworksBuildPhase;
			buildActionMask = 2147483647;
			files = (
			);
			runOnlyForDeploymentPostprocessing = 0;
		};
		E43C61FD19EF02D70064B910 /* Frameworks */ = {
			isa = PBXFrameworksBuildPhase;
			buildActionMask = 2147483647;
			files = (
			);
			runOnlyForDeploymentPostprocessing = 0;
		};
/* End PBXFrameworksBuildPhase section */

/* Begin PBXGroup section */
		E43C61DE19EF02D70064B910 = {
			isa = PBXGroup;
			children = (
				E43C61E919EF02D70064B910 /* ZaHunter */,
				E43C620319EF02D70064B910 /* ZaHunterTests */,
				E43C61E819EF02D70064B910 /* Products */,
			);
			sourceTree = "<group>";
		};
		E43C61E819EF02D70064B910 /* Products */ = {
			isa = PBXGroup;
			children = (
				E43C61E719EF02D70064B910 /* ZaHunter.app */,
				E43C620019EF02D70064B910 /* ZaHunterTests.xctest */,
			);
			name = Products;
			sourceTree = "<group>";
		};
		E43C61E919EF02D70064B910 /* ZaHunter */ = {
			isa = PBXGroup;
			children = (
				E43C61EE19EF02D70064B910 /* AppDelegate.h */,
				E43C61EF19EF02D70064B910 /* AppDelegate.m */,
				E43C61F119EF02D70064B910 /* ViewController.h */,
				E43C61F219EF02D70064B910 /* ViewController.m */,
				E43C61F419EF02D70064B910 /* Main.storyboard */,
				E43C61F719EF02D70064B910 /* Images.xcassets */,
				E43C61F919EF02D70064B910 /* LaunchScreen.xib */,
				E43C61EA19EF02D70064B910 /* Supporting Files */,
			);
			path = ZaHunter;
			sourceTree = "<group>";
		};
		E43C61EA19EF02D70064B910 /* Supporting Files */ = {
			isa = PBXGroup;
			children = (
				E43C61EB19EF02D70064B910 /* Info.plist */,
				E43C61EC19EF02D70064B910 /* main.m */,
			);
			name = "Supporting Files";
			sourceTree = "<group>";
		};
		E43C620319EF02D70064B910 /* ZaHunterTests */ = {
			isa = PBXGroup;
			children = (
				E43C620619EF02D70064B910 /* ZaHunterTests.m */,
				E43C620419EF02D70064B910 /* Supporting Files */,
			);
			path = ZaHunterTests;
			sourceTree = "<group>";
		};
		E43C620419EF02D70064B910 /* Supporting Files */ = {
			isa = PBXGroup;
			children = (
				E43C620519EF02D70064B910 /* Info.plist */,
			);
			name = "Supporting Files";
			sourceTree = "<group>";
		};
/* End PBXGroup section */

/* Begin PBXNativeTarget section */
		E43C61E619EF02D70064B910 /* ZaHunter */ = {
			isa = PBXNativeTarget;
			buildConfigurationList = E43C620A19EF02D70064B910 /* Build configuration list for PBXNativeTarget "ZaHunter" */;
			buildPhases = (
				E43C61E319EF02D70064B910 /* Sources */,
				E43C61E419EF02D70064B910 /* Frameworks */,
				E43C61E519EF02D70064B910 /* Resources */,
			);
			buildRules = (
			);
			dependencies = (
			);
			name = ZaHunter;
			productName = ZaHunter;
			productReference = E43C61E719EF02D70064B910 /* ZaHunter.app */;
			productType = "com.apple.product-type.application";
		};
		E43C61FF19EF02D70064B910 /* ZaHunterTests */ = {
			isa = PBXNativeTarget;
			buildConfigurationList = E43C620D19EF02D70064B910 /* Build configuration list for PBXNativeTarget "ZaHunterTests" */;
			buildPhases = (
				E43C61FC19EF02D70064B910 /* Sources */,
				E43C61FD19EF02D70064B910 /* Frameworks */,
				E43C61FE19EF02D70064B910 /* Resources */,
			);
			buildRules = (
			);
			dependencies = (
				E43C620219EF02D70064B910 /* PBXTargetDependency */,
			);
			name = ZaHunterTests;
			productName = ZaHunterTests;
			productReference = E43C620019EF02D70064B910 /* ZaHunterTests.xctest */;
			productType = "com.apple.product-type.bundle.unit-test";
		};
/* End PBXNativeTarget section */

/* Begin PBXProject section */
		E43C61DF19EF02D70064B910 /* Project object */ = {
			isa = PBXProject;
			attributes = {
				LastUpgradeCheck = 0600;
				ORGANIZATIONNAME = Organization;
				TargetAttributes = {
					E43C61E619EF02D70064B910 = {
						CreatedOnToolsVersion = 6.0.1;
					};
					E43C61FF19EF02D70064B910 = {
						CreatedOnToolsVersion = 6.0.1;
						TestTargetID = E43C61E619EF02D70064B910;
					};
				};
			};
			buildConfigurationList = E43C61E219EF02D70064B910 /* Build configuration list for PBXProject "ZaHunter" */;
			compatibilityVersion = "Xcode 3.2";
			developmentRegion = English;
			hasScannedForEncodings = 0;
			knownRegions = (
				en,
				Base,
			);
			mainGroup = E43C61DE19EF02D70064B910;
			productRefGroup = E43C61E819EF02D70064B910 /* Products */;
			projectDirPath = "";
			projectRoot = "";
			targets = (
				E43C61E619EF02D70064B910 /* ZaHunter */,
				E43C61FF19EF02D70064B910 /* ZaHunterTests */,
			);
		};
/* End PBXProject section */

/* Begin PBXResourcesBuildPhase section */
		E43C61E519EF02D70064B910 /* Resources */ = {
			isa = PBXResourcesBuildPhase;
			buildActionMask = 2147483647;
			files = (
				E43C61F619EF02D70064B910 /* Main.storyboard in Resources */,
				E43C61FB19EF02D70064B910 /* LaunchScreen.xib in Resources */,
				E43C61F819EF02D70064B910 /* Images.xcassets in Resources */,
			);
			runOnlyForDeploymentPostprocessing = 0;
		};
		E43C61FE19EF02D70064B910 /* Resources */ = {
			isa = PBXResourcesBuildPhase;
			buildActionMask = 2147483647;
			files = (
			);
			runOnlyForDeploymentPostprocessing = 0;
		};
/* End PBXResourcesBuildPhase section */

/* Begin PBXSourcesBuildPhase section */
		E43C61E319EF02D70064B910 /* Sources */ = {
			isa = PBXSourcesBuildPhase;
			buildActionMask = 2147483647;
			files = (
				E43C61F319EF02D70064B910 /* ViewController.m in Sources */,
				E43C61F019EF02D70064B910 /* AppDelegate.m in Sources */,
				E43C61ED19EF02D70064B910 /* main.m in Sources */,
			);
			runOnlyForDeploymentPostprocessing = 0;
		};
		E43C61FC19EF02D70064B910 /* Sources */ = {
			isa = PBXSourcesBuildPhase;
			buildActionMask = 2147483647;
			files = (
				E43C620719EF02D70064B910 /* ZaHunterTests.m in Sources */,
			);
			runOnlyForDeploymentPostprocessing = 0;
		};
/* End PBXSourcesBuildPhase section */

/* Begin PBXTargetDependency section */
		E43C620219EF02D70064B910 /* PBXTargetDependency */ = {
			isa = PBXTargetDependency;
			target = E43C61E619EF02D70064B910 /* ZaHunter */;
			targetProxy = E43C620119EF02D70064B910 /* PBXContainerItemProxy */;
		};
/* End PBXTargetDependency section */

/* Begin PBXVariantGroup section */
		E43C61F419EF02D70064B910 /* Main.storyboard */ = {
			isa = PBXVariantGroup;
			children = (
				E43C61F519EF02D70064B910 /* Base */,
			);
			name = Main.storyboard;
			sourceTree = "<group>";
		};
		E43C61F919EF02D70064B910 /* LaunchScreen.xib */ = {
			isa = PBXVariantGroup;
			children = (
				E43C61FA19EF02D70064B910 /* Base */,
			);
			name = LaunchScreen.xib;
			sourceTree = "<group>";
		};
/* End PBXVariantGroup section */

/* Begin XCBuildConfiguration section */
		E43C620819EF02D70064B910 /* Debug */ = {
			isa = XCBuildConfiguration;
			buildSettings = {
				ALWAYS_SEARCH_USER_PATHS = NO;
				CLANG_CXX_LANGUAGE_STANDARD = "gnu++0x";
				CLANG_CXX_LIBRARY = "libc++";
				CLANG_ENABLE_MODULES = YES;
				CLANG_ENABLE_OBJC_ARC = YES;
				CLANG_WARN_BOOL_CONVERSION = YES;
				CLANG_WARN_CONSTANT_CONVERSION = YES;
				CLANG_WARN_DIRECT_OBJC_ISA_USAGE = YES_ERROR;
				CLANG_WARN_EMPTY_BODY = YES;
				CLANG_WARN_ENUM_CONVERSION = YES;
				CLANG_WARN_INT_CONVERSION = YES;
				CLANG_WARN_OBJC_ROOT_CLASS = YES_ERROR;
				CLANG_WARN_UNREACHABLE_CODE = YES;
				CLANG_WARN__DUPLICATE_METHOD_MATCH = YES;
				"CODE_SIGN_IDENTITY[sdk=iphoneos*]" = "iPhone Developer";
				COPY_PHASE_STRIP = NO;
				ENABLE_STRICT_OBJC_MSGSEND = YES;
				GCC_C_LANGUAGE_STANDARD = gnu99;
				GCC_DYNAMIC_NO_PIC = NO;
				GCC_OPTIMIZATION_LEVEL = 0;
				GCC_PREPROCESSOR_DEFINITIONS = (
					"DEBUG=1",
					"$(inherited)",
				);
				GCC_SYMBOLS_PRIVATE_EXTERN = NO;
				GCC_WARN_64_TO_32_BIT_CONVERSION = YES;
				GCC_WARN_ABOUT_RETURN_TYPE = YES_ERROR;
				GCC_WARN_UNDECLARED_SELECTOR = YES;
				GCC_WARN_UNINITIALIZED_AUTOS = YES_AGGRESSIVE;
				GCC_WARN_UNUSED_FUNCTION = YES;
				GCC_WARN_UNUSED_VARIABLE = YES;
				IPHONEOS_DEPLOYMENT_TARGET = 8.0;
				MTL_ENABLE_DEBUG_INFO = YES;
				ONLY_ACTIVE_ARCH = YES;
				SDKROOT = iphoneos;
			};
			name = Debug;
		};
		E43C620919EF02D70064B910 /* Release */ = {
			isa = XCBuildConfiguration;
			buildSettings = {
				ALWAYS_SEARCH_USER_PATHS = NO;
				CLANG_CXX_LANGUAGE_STANDARD = "gnu++0x";
				CLANG_CXX_LIBRARY = "libc++";
				CLANG_ENABLE_MODULES = YES;
				CLANG_ENABLE_OBJC_ARC = YES;
				CLANG_WARN_BOOL_CONVERSION = YES;
				CLANG_WARN_CONSTANT_CONVERSION = YES;
				CLANG_WARN_DIRECT_OBJC_ISA_USAGE = YES_ERROR;
				CLANG_WARN_EMPTY_BODY = YES;
				CLANG_WARN_ENUM_CONVERSION = YES;
				CLANG_WARN_INT_CONVERSION = YES;
				CLANG_WARN_OBJC_ROOT_CLASS = YES_ERROR;
				CLANG_WARN_UNREACHABLE_CODE = YES;
				CLANG_WARN__DUPLICATE_METHOD_MATCH = YES;
				"CODE_SIGN_IDENTITY[sdk=iphoneos*]" = "iPhone Developer";
				COPY_PHASE_STRIP = YES;
				ENABLE_NS_ASSERTIONS = NO;
				ENABLE_STRICT_OBJC_MSGSEND = YES;
				GCC_C_LANGUAGE_STANDARD = gnu99;
				GCC_WARN_64_TO_32_BIT_CONVERSION = YES;
				GCC_WARN_ABOUT_RETURN_TYPE = YES_ERROR;
				GCC_WARN_UNDECLARED_SELECTOR = YES;
				GCC_WARN_UNINITIALIZED_AUTOS = YES_AGGRESSIVE;
				GCC_WARN_UNUSED_FUNCTION = YES;
				GCC_WARN_UNUSED_VARIABLE = YES;
				IPHONEOS_DEPLOYMENT_TARGET = 8.0;
				MTL_ENABLE_DEBUG_INFO = NO;
				SDKROOT = iphoneos;
				VALIDATE_PRODUCT = YES;
			};
			name = Release;
		};
		E43C620B19EF02D70064B910 /* Debug */ = {
			isa = XCBuildConfiguration;
			buildSettings = {
				ASSETCATALOG_COMPILER_APPICON_NAME = AppIcon;
				INFOPLIST_FILE = ZaHunter/Info.plist;
				LD_RUNPATH_SEARCH_PATHS = "$(inherited) @executable_path/Frameworks";
				PRODUCT_NAME = "$(TARGET_NAME)";
			};
			name = Debug;
		};
		E43C620C19EF02D70064B910 /* Release */ = {
			isa = XCBuildConfiguration;
			buildSettings = {
				ASSETCATALOG_COMPILER_APPICON_NAME = AppIcon;
				INFOPLIST_FILE = ZaHunter/Info.plist;
				LD_RUNPATH_SEARCH_PATHS = "$(inherited) @executable_path/Frameworks";
				PRODUCT_NAME = "$(TARGET_NAME)";
			};
			name = Release;
		};
		E43C620E19EF02D70064B910 /* Debug */ = {
			isa = XCBuildConfiguration;
			buildSettings = {
				BUNDLE_LOADER = "$(TEST_HOST)";
				FRAMEWORK_SEARCH_PATHS = (
					"$(SDKROOT)/Developer/Library/Frameworks",
					"$(inherited)",
				);
				GCC_PREPROCESSOR_DEFINITIONS = (
					"DEBUG=1",
					"$(inherited)",
				);
				INFOPLIST_FILE = ZaHunterTests/Info.plist;
				LD_RUNPATH_SEARCH_PATHS = "$(inherited) @executable_path/Frameworks @loader_path/Frameworks";
				PRODUCT_NAME = "$(TARGET_NAME)";
				TEST_HOST = "$(BUILT_PRODUCTS_DIR)/ZaHunter.app/ZaHunter";
			};
			name = Debug;
		};
		E43C620F19EF02D70064B910 /* Release */ = {
			isa = XCBuildConfiguration;
			buildSettings = {
				BUNDLE_LOADER = "$(TEST_HOST)";
				FRAMEWORK_SEARCH_PATHS = (
					"$(SDKROOT)/Developer/Library/Frameworks",
					"$(inherited)",
				);
				INFOPLIST_FILE = ZaHunterTests/Info.plist;
				LD_RUNPATH_SEARCH_PATHS = "$(inherited) @executable_path/Frameworks @loader_path/Frameworks";
				PRODUCT_NAME = "$(TARGET_NAME)";
				TEST_HOST = "$(BUILT_PRODUCTS_DIR)/ZaHunter.app/ZaHunter";
			};
			name = Release;
		};
/* End XCBuildConfiguration section */

/* Begin XCConfigurationList section */
		E43C61E219EF02D70064B910 /* Build configuration list for PBXProject "ZaHunter" */ = {
			isa = XCConfigurationList;
			buildConfigurations = (
				E43C620819EF02D70064B910 /* Debug */,
				E43C620919EF02D70064B910 /* Release */,
			);
			defaultConfigurationIsVisible = 0;
			defaultConfigurationName = Release;
		};
		E43C620A19EF02D70064B910 /* Build configuration list for PBXNativeTarget "ZaHunter" */ = {
			isa = XCConfigurationList;
			buildConfigurations = (
				E43C620B19EF02D70064B910 /* Debug */,
				E43C620C19EF02D70064B910 /* Release */,
			);
			defaultConfigurationIsVisible = 0;
		};
		E43C620D19EF02D70064B910 /* Build configuration list for PBXNativeTarget "ZaHunterTests" */ = {
			isa = XCConfigurationList;
			buildConfigurations = (
				E43C620E19EF02D70064B910 /* Debug */,
				E43C620F19EF02D70064B910 /* Release */,
			);
			defaultConfigurationIsVisible = 0;
		};
/* End XCConfigurationList section */
	};
	rootObject = E43C61DF19EF02D70064B910 /* Project object */;
}
